
Microsoft Visual Studio Solution File, Format Version 12.00
# Visual Studio 2012
Project("{8BC9CEB8-8B4A-11D0-8D11-00A0C91BC942}") = "ReadEXE", "ReadEXE\ReadEXE.vcxproj", "{54A26F72-CBCD-4338-8BF6-C383EA384BB3}"
EndProject
Global
	GlobalSection(SolutionConfigurationPlatforms) = preSolution
		Debug|Win32 = Debug|Win32
		Release|Win32 = Release|Win32
	EndGlobalSection
	GlobalSection(ProjectConfigurationPlatforms) = postSolution
		{54A26F72-CBCD-4338-8BF6-C383EA384BB3}.Debug|Win32.ActiveCfg = Debug|Win32
		{54A26F72-CBCD-4338-8BF6-C383EA384BB3}.Debug|Win32.Build.0 = Debug|Win32
		{54A26F72-CBCD-4338-8BF6-C383EA384BB3}.Release|Win32.ActiveCfg = Release|Win32
		{54A26F72-CBCD-4338-8BF6-C383EA384BB3}.Release|Win32.Build.0 = Release|Win32
	EndGlobalSection
	GlobalSection(SolutionProperties) = preSolution
		HideSolutionNode = FALSE
	EndGlobalSection
EndGlobal
